
Microsoft Visual Studio Solution File, Format Version 12.00
# Visual Studio Version 16
VisualStudioVersion = 16.0.30907.101
MinimumVisualStudioVersion = 10.0.40219.1
Project("{9A19103F-16F7-4668-BE54-9A1E7A4F7556}") = "Service", "Service\Service.csproj", "{DF4F4CD8-18BB-4F4C-A1E9-FDB40E05C8B6}"
EndProject
Project("{9A19103F-16F7-4668-BE54-9A1E7A4F7556}") = "Repositories", "Repositories\Repositories.csproj", "{31D858F4-EFE9-4F87-9A14-2DDD5CC2F7B9}"
EndProject
Project("{9A19103F-16F7-4668-BE54-9A1E7A4F7556}") = "Domain", "Domain\Domain.csproj", "{0267F195-5AEF-4C99-9BE3-B292FAADFC73}"
EndProject
Project("{9A19103F-16F7-4668-BE54-9A1E7A4F7556}") = "DbMigrator", "DbMigrator\DbMigrator.csproj", "{2DF4DD98-1BCB-484F-B752-BA7445D027EC}"
EndProject
Global
	GlobalSection(SolutionConfigurationPlatforms) = preSolution
		Debug|Any CPU = Debug|Any CPU
		Release|Any CPU = Release|Any CPU
	EndGlobalSection
	GlobalSection(ProjectConfigurationPlatforms) = postSolution
		{DF4F4CD8-18BB-4F4C-A1E9-FDB40E05C8B6}.Debug|Any CPU.ActiveCfg = Debug|Any CPU
		{DF4F4CD8-18BB-4F4C-A1E9-FDB40E05C8B6}.Debug|Any CPU.Build.0 = Debug|Any CPU
		{DF4F4CD8-18BB-4F4C-A1E9-FDB40E05C8B6}.Release|Any CPU.ActiveCfg = Release|Any CPU
		{DF4F4CD8-18BB-4F4C-A1E9-FDB40E05C8B6}.Release|Any CPU.Build.0 = Release|Any CPU
		{31D858F4-EFE9-4F87-9A14-2DDD5CC2F7B9}.Debug|Any CPU.ActiveCfg = Debug|Any CPU
		{31D858F4-EFE9-4F87-9A14-2DDD5CC2F7B9}.Debug|Any CPU.Build.0 = Debug|Any CPU
		{31D858F4-EFE9-4F87-9A14-2DDD5CC2F7B9}.Release|Any CPU.ActiveCfg = Release|Any CPU
		{31D858F4-EFE9-4F87-9A14-2DDD5CC2F7B9}.Release|Any CPU.Build.0 = Release|Any CPU
		{0267F195-5AEF-4C99-9BE3-B292FAADFC73}.Debug|Any CPU.ActiveCfg = Debug|Any CPU
		{0267F195-5AEF-4C99-9BE3-B292FAADFC73}.Debug|Any CPU.Build.0 = Debug|Any CPU
		{0267F195-5AEF-4C99-9BE3-B292FAADFC73}.Release|Any CPU.ActiveCfg = Release|Any CPU
		{0267F195-5AEF-4C99-9BE3-B292FAADFC73}.Release|Any CPU.Build.0 = Release|Any CPU
		{2DF4DD98-1BCB-484F-B752-BA7445D027EC}.Debug|Any CPU.ActiveCfg = Debug|Any CPU
		{2DF4DD98-1BCB-484F-B752-BA7445D027EC}.Debug|Any CPU.Build.0 = Debug|Any CPU
		{2DF4DD98-1BCB-484F-B752-BA7445D027EC}.Release|Any CPU.ActiveCfg = Release|Any CPU
		{2DF4DD98-1BCB-484F-B752-BA7445D027EC}.Release|Any CPU.Build.0 = Release|Any CPU
	EndGlobalSection
	GlobalSection(SolutionProperties) = preSolution
		HideSolutionNode = FALSE
	EndGlobalSection
	GlobalSection(ExtensibilityGlobals) = postSolution
		SolutionGuid = {1E60348B-5756-4C8D-85AA-EA4029DAFCA0}
	EndGlobalSection
EndGlobal
